
Microsoft Visual Studio Solution File, Format Version 12.00
# Visual Studio Version 16
VisualStudioVersion = 16.0.30503.244
MinimumVisualStudioVersion = 10.0.40219.1
Project("{FAE04EC0-301F-11D3-BF4B-00C04F79EFBC}") = "FindMaximum", "FindMaximum\FindMaximum.csproj", "{D5EC696A-B5C7-4131-B607-831177C4A774}"
EndProject
Project("{FAE04EC0-301F-11D3-BF4B-00C04F79EFBC}") = "TestMaximumWithGenerics", "TestMaximumWithGenerics\TestMaximumWithGenerics.csproj", "{04909C97-0089-4EF6-AE6F-A8DE57CB54B2}"
EndProject
Global
	GlobalSection(SolutionConfigurationPlatforms) = preSolution
		Debug|Any CPU = Debug|Any CPU
		Release|Any CPU = Release|Any CPU
	EndGlobalSection
	GlobalSection(ProjectConfigurationPlatforms) = postSolution
		{D5EC696A-B5C7-4131-B607-831177C4A774}.Debug|Any CPU.ActiveCfg = Debug|Any CPU
		{D5EC696A-B5C7-4131-B607-831177C4A774}.Debug|Any CPU.Build.0 = Debug|Any CPU
		{D5EC696A-B5C7-4131-B607-831177C4A774}.Release|Any CPU.ActiveCfg = Release|Any CPU
		{D5EC696A-B5C7-4131-B607-831177C4A774}.Release|Any CPU.Build.0 = Release|Any CPU
		{04909C97-0089-4EF6-AE6F-A8DE57CB54B2}.Debug|Any CPU.ActiveCfg = Debug|Any CPU
		{04909C97-0089-4EF6-AE6F-A8DE57CB54B2}.Debug|Any CPU.Build.0 = Debug|Any CPU
		{04909C97-0089-4EF6-AE6F-A8DE57CB54B2}.Release|Any CPU.ActiveCfg = Release|Any CPU
		{04909C97-0089-4EF6-AE6F-A8DE57CB54B2}.Release|Any CPU.Build.0 = Release|Any CPU
	EndGlobalSection
	GlobalSection(SolutionProperties) = preSolution
		HideSolutionNode = FALSE
	EndGlobalSection
	GlobalSection(ExtensibilityGlobals) = postSolution
		SolutionGuid = {CF612069-D895-4A05-8DC0-C05A9D816F76}
	EndGlobalSection
EndGlobal
